
Microsoft Visual Studio Solution File, Format Version 12.00
Project("{FAE04EC0-301F-11D3-BF4B-00C04F79EFBC}") = "ScrumAppForm", "ScrumAppForm\ScrumAppForm.csproj", "{4AA59231-25B0-4048-8F7E-575BBFF03A1C}"
EndProject
Global
	GlobalSection(SolutionConfigurationPlatforms) = preSolution
		Debug|Any CPU = Debug|Any CPU
		Release|Any CPU = Release|Any CPU
	EndGlobalSection
	GlobalSection(ProjectConfigurationPlatforms) = postSolution
		{4AA59231-25B0-4048-8F7E-575BBFF03A1C}.Debug|Any CPU.ActiveCfg = Debug|Any CPU
		{4AA59231-25B0-4048-8F7E-575BBFF03A1C}.Debug|Any CPU.Build.0 = Debug|Any CPU
		{4AA59231-25B0-4048-8F7E-575BBFF03A1C}.Release|Any CPU.ActiveCfg = Release|Any CPU
		{4AA59231-25B0-4048-8F7E-575BBFF03A1C}.Release|Any CPU.Build.0 = Release|Any CPU
	EndGlobalSection
EndGlobal
